PODS:
  - MDFSpritedAnimationView (1.0.0)

DEPENDENCIES:
  - MDFSpritedAnimationView (from `../../`)

EXTERNAL SOURCES:
  MDFSpritedAnimationView:
    :path: "../../"

SPEC CHECKSUMS:
  MDFSpritedAnimationView: 8e39a7e39596cd7f3ebb1b3dff8b6f058c278cbb

PODFILE CHECKSUM: 80195f268febc54d39de014ff5b21653bbb11547

COCOAPODS: 1.0.1
