PODS:
  - MDFSpritedAnimationView (3.0.0)

DEPENDENCIES:
  - MDFSpritedAnimationView (from `../../`)

EXTERNAL SOURCES:
  MDFSpritedAnimationView:
    :path: "../../"

SPEC CHECKSUMS:
  MDFSpritedAnimationView: ab2d4aa5dbb5d05ae1b7e9d2b67b3697c0e0e6ec

PODFILE CHECKSUM: 80195f268febc54d39de014ff5b21653bbb11547

COCOAPODS: 1.1.1
