PODS:
  - MDFSpritedAnimationView (2.0.0)

DEPENDENCIES:
  - MDFSpritedAnimationView (from `../../`)

EXTERNAL SOURCES:
  MDFSpritedAnimationView:
    :path: "../../"

SPEC CHECKSUMS:
  MDFSpritedAnimationView: 91e3a415e50ec36ea19c0fcb46905eaaff2f16fc

PODFILE CHECKSUM: 80195f268febc54d39de014ff5b21653bbb11547

COCOAPODS: 1.0.1
